
Microsoft Visual Studio Solution File, Format Version 12.00
# Visual Studio 15
VisualStudioVersion = 15.0.28010.2048
MinimumVisualStudioVersion = 10.0.40219.1
Project("{8BC9CEB8-8B4A-11D0-8D11-00A0C91BC942}") = "ProceduralPlanet", "ProceduralPlanet\ProceduralPlanet.vcxproj", "{AB106EAF-E8AB-41A5-BA2F-139759A9C64F}"
EndProject
Global
	GlobalSection(SolutionConfigurationPlatforms) = preSolution
		Debug|x64 = Debug|x64
		Debug|x86 = Debug|x86
		Release|x64 = Release|x64
		Release|x86 = Release|x86
	EndGlobalSection
	GlobalSection(ProjectConfigurationPlatforms) = postSolution
		{AB106EAF-E8AB-41A5-BA2F-139759A9C64F}.Debug|x64.ActiveCfg = Debug|x64
		{AB106EAF-E8AB-41A5-BA2F-139759A9C64F}.Debug|x64.Build.0 = Debug|x64
		{AB106EAF-E8AB-41A5-BA2F-139759A9C64F}.Debug|x86.ActiveCfg = Debug|Win32
		{AB106EAF-E8AB-41A5-BA2F-139759A9C64F}.Debug|x86.Build.0 = Debug|Win32
		{AB106EAF-E8AB-41A5-BA2F-139759A9C64F}.Release|x64.ActiveCfg = Release|x64
		{AB106EAF-E8AB-41A5-BA2F-139759A9C64F}.Release|x64.Build.0 = Release|x64
		{AB106EAF-E8AB-41A5-BA2F-139759A9C64F}.Release|x86.ActiveCfg = Release|Win32
		{AB106EAF-E8AB-41A5-BA2F-139759A9C64F}.Release|x86.Build.0 = Release|Win32
	EndGlobalSection
	GlobalSection(SolutionProperties) = preSolution
		HideSolutionNode = FALSE
	EndGlobalSection
	GlobalSection(ExtensibilityGlobals) = postSolution
		SolutionGuid = {285B444A-D43A-4BAF-8CB8-02E553AD53FA}
	EndGlobalSection
EndGlobal
